// !$*UTF8*$!
{
	archiveVersion = 1;
	classes = {
	};
	objectVersion = 46;
	objects = {

/* Begin PBXBuildFile section */
		D9BEAC201C6E2F3C00417458 /* Path.swift in Sources */ = {isa = PBXBuildFile; fileRef = D9BEAC1F1C6E2F3C00417458 /* Path.swift */; };
		D9BEAC221C6E310300417458 /* Expression.swift in Sources */ = {isa = PBXBuildFile; fileRef = D9BEAC211C6E310300417458 /* Expression.swift */; };
		D9DD9CDC1C6E23DC00286599 /* PathKit.h in Headers */ = {isa = PBXBuildFile; fileRef = D9DD9CDB1C6E23DC00286599 /* PathKit.h */; settings = {ATTRIBUTES = (Public, ); }; };
		D9DD9CE31C6E23DC00286599 /* PathKit.framework in Frameworks */ = {isa = PBXBuildFile; fileRef = D9DD9CD81C6E23DC00286599 /* PathKit.framework */; };
		D9DD9CE81C6E23DC00286599 /* PathKitTests.swift in Sources */ = {isa = PBXBuildFile; fileRef = D9DD9CE71C6E23DC00286599 /* PathKitTests.swift */; };
/* End PBXBuildFile section */

/* Begin PBXContainerItemProxy section */
		D9DD9CE41C6E23DC00286599 /* PBXContainerItemProxy */ = {
			isa = PBXContainerItemProxy;
			containerPortal = D9DD9CCF1C6E23DC00286599 /* Project object */;
			proxyType = 1;
			remoteGlobalIDString = D9DD9CD71C6E23DC00286599;
			remoteInfo = PathKit;
		};
/* End PBXContainerItemProxy section */

/* Begin PBXFileReference section */
		D9BEAC1F1C6E2F3C00417458 /* Path.swift */ = {isa = PBXFileReference; fileEncoding = 4; lastKnownFileType = sourcecode.swift; path = Path.swift; sourceTree = "<group>"; };
		D9BEAC211C6E310300417458 /* Expression.swift */ = {isa = PBXFileReference; fileEncoding = 4; lastKnownFileType = sourcecode.swift; path = Expression.swift; sourceTree = "<group>"; };
		D9DD9CD81C6E23DC00286599 /* PathKit.framework */ = {isa = PBXFileReference; explicitFileType = wrapper.framework; includeInIndex = 0; path = PathKit.framework; sourceTree = BUILT_PRODUCTS_DIR; };
		D9DD9CDB1C6E23DC00286599 /* PathKit.h */ = {isa = PBXFileReference; lastKnownFileType = sourcecode.c.h; path = PathKit.h; sourceTree = "<group>"; };
		D9DD9CDD1C6E23DC00286599 /* Info.plist */ = {isa = PBXFileReference; lastKnownFileType = text.plist.xml; path = Info.plist; sourceTree = "<group>"; };
		D9DD9CE21C6E23DC00286599 /* PathKitTests.xctest */ = {isa = PBXFileReference; explicitFileType = wrapper.cfbundle; includeInIndex = 0; path = PathKitTests.xctest; sourceTree = BUILT_PRODUCTS_DIR; };
		D9DD9CE71C6E23DC00286599 /* PathKitTests.swift */ = {isa = PBXFileReference; lastKnownFileType = sourcecode.swift; path = PathKitTests.swift; sourceTree = "<group>"; };
		D9DD9CE91C6E23DC00286599 /* Info.plist */ = {isa = PBXFileReference; lastKnownFileType = text.plist.xml; path = Info.plist; sourceTree = "<group>"; };
/* End PBXFileReference section */

/* Begin PBXFrameworksBuildPhase section */
		D9DD9CD41C6E23DC00286599 /* Frameworks */ = {
			isa = PBXFrameworksBuildPhase;
			buildActionMask = 2147483647;
			files = (
			);
			runOnlyForDeploymentPostprocessing = 0;
		};
		D9DD9CDF1C6E23DC00286599 /* Frameworks */ = {
			isa = PBXFrameworksBuildPhase;
			buildActionMask = 2147483647;
			files = (
				D9DD9CE31C6E23DC00286599 /* PathKit.framework in Frameworks */,
			);
			runOnlyForDeploymentPostprocessing = 0;
		};
/* End PBXFrameworksBuildPhase section */

/* Begin PBXGroup section */
		D9DD9CCE1C6E23DC00286599 = {
			isa = PBXGroup;
			children = (
				D9DD9CF21C6E23E700286599 /* Sources */,
				D9DD9CDA1C6E23DC00286599 /* PathKit */,
				D9DD9CE61C6E23DC00286599 /* PathKitTests */,
				D9DD9CD91C6E23DC00286599 /* Products */,
			);
			sourceTree = "<group>";
		};
		D9DD9CD91C6E23DC00286599 /* Products */ = {
			isa = PBXGroup;
			children = (
				D9DD9CD81C6E23DC00286599 /* PathKit.framework */,
				D9DD9CE21C6E23DC00286599 /* PathKitTests.xctest */,
			);
			name = Products;
			sourceTree = "<group>";
		};
		D9DD9CDA1C6E23DC00286599 /* PathKit */ = {
			isa = PBXGroup;
			children = (
				D9DD9CDB1C6E23DC00286599 /* PathKit.h */,
				D9DD9CDD1C6E23DC00286599 /* Info.plist */,
			);
			path = PathKit;
			sourceTree = "<group>";
		};
		D9DD9CE61C6E23DC00286599 /* PathKitTests */ = {
			isa = PBXGroup;
			children = (
				D9DD9CE71C6E23DC00286599 /* PathKitTests.swift */,
				D9DD9CE91C6E23DC00286599 /* Info.plist */,
			);
			path = PathKitTests;
			sourceTree = "<group>";
		};
		D9DD9CF21C6E23E700286599 /* Sources */ = {
			isa = PBXGroup;
			children = (
				D9BEAC1F1C6E2F3C00417458 /* Path.swift */,
				D9BEAC211C6E310300417458 /* Expression.swift */,
			);
			path = Sources;
			sourceTree = "<group>";
		};
/* End PBXGroup section */

/* Begin PBXHeadersBuildPhase section */
		D9DD9CD51C6E23DC00286599 /* Headers */ = {
			isa = PBXHeadersBuildPhase;
			buildActionMask = 2147483647;
			files = (
				D9DD9CDC1C6E23DC00286599 /* PathKit.h in Headers */,
			);
			runOnlyForDeploymentPostprocessing = 0;
		};
/* End PBXHeadersBuildPhase section */

/* Begin PBXNativeTarget section */
		D9DD9CD71C6E23DC00286599 /* PathKit */ = {
			isa = PBXNativeTarget;
			buildConfigurationList = D9DD9CEC1C6E23DC00286599 /* Build configuration list for PBXNativeTarget "PathKit" */;
			buildPhases = (
				D9DD9CD31C6E23DC00286599 /* Sources */,
				D9DD9CD41C6E23DC00286599 /* Frameworks */,
				D9DD9CD51C6E23DC00286599 /* Headers */,
				D9DD9CD61C6E23DC00286599 /* Resources */,
			);
			buildRules = (
			);
			dependencies = (
			);
			name = PathKit;
			productName = PathKit;
			productReference = D9DD9CD81C6E23DC00286599 /* PathKit.framework */;
			productType = "com.apple.product-type.framework";
		};
		D9DD9CE11C6E23DC00286599 /* PathKitTests */ = {
			isa = PBXNativeTarget;
			buildConfigurationList = D9DD9CEF1C6E23DC00286599 /* Build configuration list for PBXNativeTarget "PathKitTests" */;
			buildPhases = (
				D9DD9CDE1C6E23DC00286599 /* Sources */,
				D9DD9CDF1C6E23DC00286599 /* Frameworks */,
				D9DD9CE01C6E23DC00286599 /* Resources */,
			);
			buildRules = (
			);
			dependencies = (
				D9DD9CE51C6E23DC00286599 /* PBXTargetDependency */,
			);
			name = PathKitTests;
			productName = PathKitTests;
			productReference = D9DD9CE21C6E23DC00286599 /* PathKitTests.xctest */;
			productType = "com.apple.product-type.bundle.unit-test";
		};
/* End PBXNativeTarget section */

/* Begin PBXProject section */
		D9DD9CCF1C6E23DC00286599 /* Project object */ = {
			isa = PBXProject;
			attributes = {
				LastSwiftUpdateCheck = 0720;
				LastUpgradeCheck = 0720;
				ORGANIZATIONNAME = jp.sora0077;
				TargetAttributes = {
					D9DD9CD71C6E23DC00286599 = {
						CreatedOnToolsVersion = 7.2;
					};
					D9DD9CE11C6E23DC00286599 = {
						CreatedOnToolsVersion = 7.2;
					};
				};
			};
			buildConfigurationList = D9DD9CD21C6E23DC00286599 /* Build configuration list for PBXProject "PathKit" */;
			compatibilityVersion = "Xcode 3.2";
			developmentRegion = English;
			hasScannedForEncodings = 0;
			knownRegions = (
				en,
			);
			mainGroup = D9DD9CCE1C6E23DC00286599;
			productRefGroup = D9DD9CD91C6E23DC00286599 /* Products */;
			projectDirPath = "";
			projectRoot = "";
			targets = (
				D9DD9CD71C6E23DC00286599 /* PathKit */,
				D9DD9CE11C6E23DC00286599 /* PathKitTests */,
			);
		};
/* End PBXProject section */

/* Begin PBXResourcesBuildPhase section */
		D9DD9CD61C6E23DC00286599 /* Resources */ = {
			isa = PBXResourcesBuildPhase;
			buildActionMask = 2147483647;
			files = (
			);
			runOnlyForDeploymentPostprocessing = 0;
		};
		D9DD9CE01C6E23DC00286599 /* Resources */ = {
			isa = PBXResourcesBuildPhase;
			buildActionMask = 2147483647;
			files = (
			);
			runOnlyForDeploymentPostprocessing = 0;
		};
/* End PBXResourcesBuildPhase section */

/* Begin PBXSourcesBuildPhase section */
		D9DD9CD31C6E23DC00286599 /* Sources */ = {
			isa = PBXSourcesBuildPhase;
			buildActionMask = 2147483647;
			files = (
				D9BEAC201C6E2F3C00417458 /* Path.swift in Sources */,
				D9BEAC221C6E310300417458 /* Expression.swift in Sources */,
			);
			runOnlyForDeploymentPostprocessing = 0;
		};
		D9DD9CDE1C6E23DC00286599 /* Sources */ = {
			isa = PBXSourcesBuildPhase;
			buildActionMask = 2147483647;
			files = (
				D9DD9CE81C6E23DC00286599 /* PathKitTests.swift in Sources */,
			);
			runOnlyForDeploymentPostprocessing = 0;
		};
/* End PBXSourcesBuildPhase section */

/* Begin PBXTargetDependency section */
		D9DD9CE51C6E23DC00286599 /* PBXTargetDependency */ = {
			isa = PBXTargetDependency;
			target = D9DD9CD71C6E23DC00286599 /* PathKit */;
			targetProxy = D9DD9CE41C6E23DC00286599 /* PBXContainerItemProxy */;
		};
/* End PBXTargetDependency section */

/* Begin XCBuildConfiguration section */
		D9DD9CEA1C6E23DC00286599 /* Debug */ = {
			isa = XCBuildConfiguration;
			buildSettings = {
				ALWAYS_SEARCH_USER_PATHS = NO;
				CLANG_CXX_LANGUAGE_STANDARD = "gnu++0x";
				CLANG_CXX_LIBRARY = "libc++";
				CLANG_ENABLE_MODULES = YES;
				CLANG_ENABLE_OBJC_ARC = YES;
				CLANG_WARN_BOOL_CONVERSION = YES;
				CLANG_WARN_CONSTANT_CONVERSION = YES;
				CLANG_WARN_DIRECT_OBJC_ISA_USAGE = YES_ERROR;
				CLANG_WARN_EMPTY_BODY = YES;
				CLANG_WARN_ENUM_CONVERSION = YES;
				CLANG_WARN_INT_CONVERSION = YES;
				CLANG_WARN_OBJC_ROOT_CLASS = YES_ERROR;
				CLANG_WARN_UNREACHABLE_CODE = YES;
				CLANG_WARN__DUPLICATE_METHOD_MATCH = YES;
				"CODE_SIGN_IDENTITY[sdk=iphoneos*]" = "iPhone Developer";
				COPY_PHASE_STRIP = NO;
				CURRENT_PROJECT_VERSION = 1;
				DEBUG_INFORMATION_FORMAT = dwarf;
				ENABLE_STRICT_OBJC_MSGSEND = YES;
				ENABLE_TESTABILITY = YES;
				GCC_C_LANGUAGE_STANDARD = gnu99;
				GCC_DYNAMIC_NO_PIC = NO;
				GCC_NO_COMMON_BLOCKS = YES;
				GCC_OPTIMIZATION_LEVEL = 0;
				GCC_PREPROCESSOR_DEFINITIONS = (
					"DEBUG=1",
					"$(inherited)",
				);
				GCC_WARN_64_TO_32_BIT_CONVERSION = YES;
				GCC_WARN_ABOUT_RETURN_TYPE = YES_ERROR;
				GCC_WARN_UNDECLARED_SELECTOR = YES;
				GCC_WARN_UNINITIALIZED_AUTOS = YES_AGGRESSIVE;
				GCC_WARN_UNUSED_FUNCTION = YES;
				GCC_WARN_UNUSED_VARIABLE = YES;
				IPHONEOS_DEPLOYMENT_TARGET = 9.2;
				MTL_ENABLE_DEBUG_INFO = YES;
				ONLY_ACTIVE_ARCH = YES;
				SDKROOT = iphoneos;
				SWIFT_OPTIMIZATION_LEVEL = "-Onone";
				TARGETED_DEVICE_FAMILY = "1,2";
				VERSIONING_SYSTEM = "apple-generic";
				VERSION_INFO_PREFIX = "";
			};
			name = Debug;
		};
		D9DD9CEB1C6E23DC00286599 /* Release */ = {
			isa = XCBuildConfiguration;
			buildSettings = {
				ALWAYS_SEARCH_USER_PATHS = NO;
				CLANG_CXX_LANGUAGE_STANDARD = "gnu++0x";
				CLANG_CXX_LIBRARY = "libc++";
				CLANG_ENABLE_MODULES = YES;
				CLANG_ENABLE_OBJC_ARC = YES;
				CLANG_WARN_BOOL_CONVERSION = YES;
				CLANG_WARN_CONSTANT_CONVERSION = YES;
				CLANG_WARN_DIRECT_OBJC_ISA_USAGE = YES_ERROR;
				CLANG_WARN_EMPTY_BODY = YES;
				CLANG_WARN_ENUM_CONVERSION = YES;
				CLANG_WARN_INT_CONVERSION = YES;
				CLANG_WARN_OBJC_ROOT_CLASS = YES_ERROR;
				CLANG_WARN_UNREACHABLE_CODE = YES;
				CLANG_WARN__DUPLICATE_METHOD_MATCH = YES;
				"CODE_SIGN_IDENTITY[sdk=iphoneos*]" = "iPhone Developer";
				COPY_PHASE_STRIP = NO;
				CURRENT_PROJECT_VERSION = 1;
				DEBUG_INFORMATION_FORMAT = "dwarf-with-dsym";
				ENABLE_NS_ASSERTIONS = NO;
				ENABLE_STRICT_OBJC_MSGSEND = YES;
				GCC_C_LANGUAGE_STANDARD = gnu99;
				GCC_NO_COMMON_BLOCKS = YES;
				GCC_WARN_64_TO_32_BIT_CONVERSION = YES;
				GCC_WARN_ABOUT_RETURN_TYPE = YES_ERROR;
				GCC_WARN_UNDECLARED_SELECTOR = YES;
				GCC_WARN_UNINITIALIZED_AUTOS = YES_AGGRESSIVE;
				GCC_WARN_UNUSED_FUNCTION = YES;
				GCC_WARN_UNUSED_VARIABLE = YES;
				IPHONEOS_DEPLOYMENT_TARGET = 9.2;
				MTL_ENABLE_DEBUG_INFO = NO;
				SDKROOT = iphoneos;
				TARGETED_DEVICE_FAMILY = "1,2";
				VALIDATE_PRODUCT = YES;
				VERSIONING_SYSTEM = "apple-generic";
				VERSION_INFO_PREFIX = "";
			};
			name = Release;
		};
		D9DD9CED1C6E23DC00286599 /* Debug */ = {
			isa = XCBuildConfiguration;
			buildSettings = {
				CLANG_ENABLE_MODULES = YES;
				DEFINES_MODULE = YES;
				DYLIB_COMPATIBILITY_VERSION = 1;
				DYLIB_CURRENT_VERSION = 1;
				DYLIB_INSTALL_NAME_BASE = "@rpath";
				INFOPLIST_FILE = PathKit/Info.plist;
				INSTALL_PATH = "$(LOCAL_LIBRARY_DIR)/Frameworks";
				LD_RUNPATH_SEARCH_PATHS = "$(inherited) @executable_path/Frameworks @loader_path/Frameworks";
				PRODUCT_BUNDLE_IDENTIFIER = jp.sora0077.PathKit;
				PRODUCT_NAME = "$(TARGET_NAME)";
				SKIP_INSTALL = YES;
				SWIFT_OPTIMIZATION_LEVEL = "-Onone";
			};
			name = Debug;
		};
		D9DD9CEE1C6E23DC00286599 /* Release */ = {
			isa = XCBuildConfiguration;
			buildSettings = {
				CLANG_ENABLE_MODULES = YES;
				DEFINES_MODULE = YES;
				DYLIB_COMPATIBILITY_VERSION = 1;
				DYLIB_CURRENT_VERSION = 1;
				DYLIB_INSTALL_NAME_BASE = "@rpath";
				INFOPLIST_FILE = PathKit/Info.plist;
				INSTALL_PATH = "$(LOCAL_LIBRARY_DIR)/Frameworks";
				LD_RUNPATH_SEARCH_PATHS = "$(inherited) @executable_path/Frameworks @loader_path/Frameworks";
				PRODUCT_BUNDLE_IDENTIFIER = jp.sora0077.PathKit;
				PRODUCT_NAME = "$(TARGET_NAME)";
				SKIP_INSTALL = YES;
			};
			name = Release;
		};
		D9DD9CF01C6E23DC00286599 /* Debug */ = {
			isa = XCBuildConfiguration;
			buildSettings = {
				INFOPLIST_FILE = PathKitTests/Info.plist;
				LD_RUNPATH_SEARCH_PATHS = "$(inherited) @executable_path/Frameworks @loader_path/Frameworks";
				PRODUCT_BUNDLE_IDENTIFIER = jp.sora0077.PathKitTests;
				PRODUCT_NAME = "$(TARGET_NAME)";
			};
			name = Debug;
		};
		D9DD9CF11C6E23DC00286599 /* Release */ = {
			isa = XCBuildConfiguration;
			buildSettings = {
				INFOPLIST_FILE = PathKitTests/Info.plist;
				LD_RUNPATH_SEARCH_PATHS = "$(inherited) @executable_path/Frameworks @loader_path/Frameworks";
				PRODUCT_BUNDLE_IDENTIFIER = jp.sora0077.PathKitTests;
				PRODUCT_NAME = "$(TARGET_NAME)";
			};
			name = Release;
		};
/* End XCBuildConfiguration section */

/* Begin XCConfigurationList section */
		D9DD9CD21C6E23DC00286599 /* Build configuration list for PBXProject "PathKit" */ = {
			isa = XCConfigurationList;
			buildConfigurations = (
				D9DD9CEA1C6E23DC00286599 /* Debug */,
				D9DD9CEB1C6E23DC00286599 /* Release */,
			);
			defaultConfigurationIsVisible = 0;
			defaultConfigurationName = Release;
		};
		D9DD9CEC1C6E23DC00286599 /* Build configuration list for PBXNativeTarget "PathKit" */ = {
			isa = XCConfigurationList;
			buildConfigurations = (
				D9DD9CED1C6E23DC00286599 /* Debug */,
				D9DD9CEE1C6E23DC00286599 /* Release */,
			);
			defaultConfigurationIsVisible = 0;
			defaultConfigurationName = Release;
		};
		D9DD9CEF1C6E23DC00286599 /* Build configuration list for PBXNativeTarget "PathKitTests" */ = {
			isa = XCConfigurationList;
			buildConfigurations = (
				D9DD9CF01C6E23DC00286599 /* Debug */,
				D9DD9CF11C6E23DC00286599 /* Release */,
			);
			defaultConfigurationIsVisible = 0;
			defaultConfigurationName = Release;
		};
/* End XCConfigurationList section */
	};
	rootObject = D9DD9CCF1C6E23DC00286599 /* Project object */;
}
